// !$*UTF8*$!
{
	archiveVersion = 1;
	classes = {
	};
	objectVersion = 55;
	objects = {

/* Begin PBXBuildFile section */
		4B15B2F22A15305A004FD180 /* AppDelegate.swift in Sources */ = {isa = PBXBuildFile; fileRef = 4B15B2F12A15305A004FD180 /* AppDelegate.swift */; };
		4B15B2F42A15305A004FD180 /* SceneDelegate.swift in Sources */ = {isa = PBXBuildFile; fileRef = 4B15B2F32A15305A004FD180 /* SceneDelegate.swift */; };
		4B15B2F62A15305A004FD180 /* ViewController.swift in Sources */ = {isa = PBXBuildFile; fileRef = 4B15B2F52A15305A004FD180 /* ViewController.swift */; };
		4B15B2F92A15305A004FD180 /* Main.storyboard in Resources */ = {isa = PBXBuildFile; fileRef = 4B15B2F72A15305A004FD180 /* Main.storyboard */; };
		4B15B2FC2A15305A004FD180 /* LaquiseColeccionDeJuegos.xcdatamodeld in Sources */ = {isa = PBXBuildFile; fileRef = 4B15B2FA2A15305A004FD180 /* LaquiseColeccionDeJuegos.xcdatamodeld */; };
		4B15B2FE2A15305A004FD180 /* Assets.xcassets in Resources */ = {isa = PBXBuildFile; fileRef = 4B15B2FD2A15305A004FD180 /* Assets.xcassets */; };
		4B15B3012A15305A004FD180 /* LaunchScreen.storyboard in Resources */ = {isa = PBXBuildFile; fileRef = 4B15B2FF2A15305A004FD180 /* LaunchScreen.storyboard */; };
		4BA9B7312A15443B00037935 /* JuegosViewController.swift in Sources */ = {isa = PBXBuildFile; fileRef = 4BA9B7302A15443B00037935 /* JuegosViewController.swift */; };
		4BA9B7332A1547A300037935 /* maxresdefault.jpg in Resources */ = {isa = PBXBuildFile; fileRef = 4BA9B7322A1547A300037935 /* maxresdefault.jpg */; };
		4BA9B7352A15486600037935 /* macqueen.png in Resources */ = {isa = PBXBuildFile; fileRef = 4BA9B7342A15486600037935 /* macqueen.png */; };
/* End PBXBuildFile section */

/* Begin PBXFileReference section */
		4B15B2EE2A15305A004FD180 /* LaquiseColeccionDeJuegos.app */ = {isa = PBXFileReference; explicitFileType = wrapper.application; includeInIndex = 0; path = LaquiseColeccionDeJuegos.app; sourceTree = BUILT_PRODUCTS_DIR; };
		4B15B2F12A15305A004FD180 /* AppDelegate.swift */ = {isa = PBXFileReference; lastKnownFileType = sourcecode.swift; path = AppDelegate.swift; sourceTree = "<group>"; };
		4B15B2F32A15305A004FD180 /* SceneDelegate.swift */ = {isa = PBXFileReference; lastKnownFileType = sourcecode.swift; path = SceneDelegate.swift; sourceTree = "<group>"; };
		4B15B2F52A15305A004FD180 /* ViewController.swift */ = {isa = PBXFileReference; lastKnownFileType = sourcecode.swift; path = ViewController.swift; sourceTree = "<group>"; };
		4B15B2F82A15305A004FD180 /* Base */ = {isa = PBXFileReference; lastKnownFileType = file.storyboard; name = Base; path = Base.lproj/Main.storyboard; sourceTree = "<group>"; };
		4B15B2FB2A15305A004FD180 /* LaquiseColeccionDeJuegos.xcdatamodel */ = {isa = PBXFileReference; lastKnownFileType = wrapper.xcdatamodel; path = LaquiseColeccionDeJuegos.xcdatamodel; sourceTree = "<group>"; };
		4B15B2FD2A15305A004FD180 /* Assets.xcassets */ = {isa = PBXFileReference; lastKnownFileType = folder.assetcatalog; path = Assets.xcassets; sourceTree = "<group>"; };
		4B15B3002A15305A004FD180 /* Base */ = {isa = PBXFileReference; lastKnownFileType = file.storyboard; name = Base; path = Base.lproj/LaunchScreen.storyboard; sourceTree = "<group>"; };
		4B15B3022A15305A004FD180 /* Info.plist */ = {isa = PBXFileReference; lastKnownFileType = text.plist.xml; path = Info.plist; sourceTree = "<group>"; };
		4BA9B7302A15443B00037935 /* JuegosViewController.swift */ = {isa = PBXFileReference; lastKnownFileType = sourcecode.swift; path = JuegosViewController.swift; sourceTree = "<group>"; };
		4BA9B7322A1547A300037935 /* maxresdefault.jpg */ = {isa = PBXFileReference; lastKnownFileType = image.jpeg; path = maxresdefault.jpg; sourceTree = "<group>"; };
		4BA9B7342A15486600037935 /* macqueen.png */ = {isa = PBXFileReference; lastKnownFileType = image.png; path = macqueen.png; sourceTree = "<group>"; };
/* End PBXFileReference section */

/* Begin PBXFrameworksBuildPhase section */
		4B15B2EB2A15305A004FD180 /* Frameworks */ = {
			isa = PBXFrameworksBuildPhase;
			buildActionMask = 2147483647;
			files = (
			);
			runOnlyForDeploymentPostprocessing = 0;
		};
/* End PBXFrameworksBuildPhase section */

/* Begin PBXGroup section */
		4B15B2E52A15305A004FD180 = {
			isa = PBXGroup;
			children = (
				4B15B2F02A15305A004FD180 /* LaquiseColeccionDeJuegos */,
				4B15B2EF2A15305A004FD180 /* Products */,
			);
			sourceTree = "<group>";
		};
		4B15B2EF2A15305A004FD180 /* Products */ = {
			isa = PBXGroup;
			children = (
				4B15B2EE2A15305A004FD180 /* LaquiseColeccionDeJuegos.app */,
			);
			name = Products;
			sourceTree = "<group>";
		};
		4B15B2F02A15305A004FD180 /* LaquiseColeccionDeJuegos */ = {
			isa = PBXGroup;
			children = (
				4B15B2F12A15305A004FD180 /* AppDelegate.swift */,
				4B15B2F32A15305A004FD180 /* SceneDelegate.swift */,
				4B15B2F52A15305A004FD180 /* ViewController.swift */,
				4B15B2F72A15305A004FD180 /* Main.storyboard */,
				4BA9B7302A15443B00037935 /* JuegosViewController.swift */,
				4BA9B7342A15486600037935 /* macqueen.png */,
				4B15B2FD2A15305A004FD180 /* Assets.xcassets */,
				4B15B2FF2A15305A004FD180 /* LaunchScreen.storyboard */,
				4B15B3022A15305A004FD180 /* Info.plist */,
				4B15B2FA2A15305A004FD180 /* LaquiseColeccionDeJuegos.xcdatamodeld */,
				4BA9B7322A1547A300037935 /* maxresdefault.jpg */,
			);
			path = LaquiseColeccionDeJuegos;
			sourceTree = "<group>";
		};
/* End PBXGroup section */

/* Begin PBXNativeTarget section */
		4B15B2ED2A15305A004FD180 /* LaquiseColeccionDeJuegos */ = {
			isa = PBXNativeTarget;
			buildConfigurationList = 4B15B3052A15305A004FD180 /* Build configuration list for PBXNativeTarget "LaquiseColeccionDeJuegos" */;
			buildPhases = (
				4B15B2EA2A15305A004FD180 /* Sources */,
				4B15B2EB2A15305A004FD180 /* Frameworks */,
				4B15B2EC2A15305A004FD180 /* Resources */,
			);
			buildRules = (
			);
			dependencies = (
			);
			name = LaquiseColeccionDeJuegos;
			productName = LaquiseColeccionDeJuegos;
			productReference = 4B15B2EE2A15305A004FD180 /* LaquiseColeccionDeJuegos.app */;
			productType = "com.apple.product-type.application";
		};
/* End PBXNativeTarget section */

/* Begin PBXProject section */
		4B15B2E62A15305A004FD180 /* Project object */ = {
			isa = PBXProject;
			attributes = {
				BuildIndependentTargetsInParallel = 1;
				LastSwiftUpdateCheck = 1340;
				LastUpgradeCheck = 1340;
				TargetAttributes = {
					4B15B2ED2A15305A004FD180 = {
						CreatedOnToolsVersion = 13.4.1;
					};
				};
			};
			buildConfigurationList = 4B15B2E92A15305A004FD180 /* Build configuration list for PBXProject "LaquiseColeccionDeJuegos" */;
			compatibilityVersion = "Xcode 13.0";
			developmentRegion = en;
			hasScannedForEncodings = 0;
			knownRegions = (
				en,
				Base,
			);
			mainGroup = 4B15B2E52A15305A004FD180;
			productRefGroup = 4B15B2EF2A15305A004FD180 /* Products */;
			projectDirPath = "";
			projectRoot = "";
			targets = (
				4B15B2ED2A15305A004FD180 /* LaquiseColeccionDeJuegos */,
			);
		};
/* End PBXProject section */

/* Begin PBXResourcesBuildPhase section */
		4B15B2EC2A15305A004FD180 /* Resources */ = {
			isa = PBXResourcesBuildPhase;
			buildActionMask = 2147483647;
			files = (
				4BA9B7352A15486600037935 /* macqueen.png in Resources */,
				4B15B3012A15305A004FD180 /* LaunchScreen.storyboard in Resources */,
				4BA9B7332A1547A300037935 /* maxresdefault.jpg in Resources */,
				4B15B2FE2A15305A004FD180 /* Assets.xcassets in Resources */,
				4B15B2F92A15305A004FD180 /* Main.storyboard in Resources */,
			);
			runOnlyForDeploymentPostprocessing = 0;
		};
/* End PBXResourcesBuildPhase section */

/* Begin PBXSourcesBuildPhase section */
		4B15B2EA2A15305A004FD180 /* Sources */ = {
			isa = PBXSourcesBuildPhase;
			buildActionMask = 2147483647;
			files = (
				4BA9B7312A15443B00037935 /* JuegosViewController.swift in Sources */,
				4B15B2F62A15305A004FD180 /* ViewController.swift in Sources */,
				4B15B2F22A15305A004FD180 /* AppDelegate.swift in Sources */,
				4B15B2FC2A15305A004FD180 /* LaquiseColeccionDeJuegos.xcdatamodeld in Sources */,
				4B15B2F42A15305A004FD180 /* SceneDelegate.swift in Sources */,
			);
			runOnlyForDeploymentPostprocessing = 0;
		};
/* End PBXSourcesBuildPhase section */

/* Begin PBXVariantGroup section */
		4B15B2F72A15305A004FD180 /* Main.storyboard */ = {
			isa = PBXVariantGroup;
			children = (
				4B15B2F82A15305A004FD180 /* Base */,
			);
			name = Main.storyboard;
			sourceTree = "<group>";
		};
		4B15B2FF2A15305A004FD180 /* LaunchScreen.storyboard */ = {
			isa = PBXVariantGroup;
			children = (
				4B15B3002A15305A004FD180 /* Base */,
			);
			name = LaunchScreen.storyboard;
			sourceTree = "<group>";
		};
/* End PBXVariantGroup section */

/* Begin XCBuildConfiguration section */
		4B15B3032A15305A004FD180 /* Debug */ = {
			isa = XCBuildConfiguration;
			buildSettings = {
				ALWAYS_SEARCH_USER_PATHS = NO;
				CLANG_ANALYZER_NONNULL = YES;
				CLANG_ANALYZER_NUMBER_OBJECT_CONVERSION = YES_AGGRESSIVE;
				CLANG_CXX_LANGUAGE_STANDARD = "gnu++17";
				CLANG_ENABLE_MODULES = YES;
				CLANG_ENABLE_OBJC_ARC = YES;
				CLANG_ENABLE_OBJC_WEAK = YES;
				CLANG_WARN_BLOCK_CAPTURE_AUTORELEASING = YES;
				CLANG_WARN_BOOL_CONVERSION = YES;
				CLANG_WARN_COMMA = YES;
				CLANG_WARN_CONSTANT_CONVERSION = YES;
				CLANG_WARN_DEPRECATED_OBJC_IMPLEMENTATIONS = YES;
				CLANG_WARN_DIRECT_OBJC_ISA_USAGE = YES_ERROR;
				CLANG_WARN_DOCUMENTATION_COMMENTS = YES;
				CLANG_WARN_EMPTY_BODY = YES;
				CLANG_WARN_ENUM_CONVERSION = YES;
				CLANG_WARN_INFINITE_RECURSION = YES;
				CLANG_WARN_INT_CONVERSION = YES;
				CLANG_WARN_NON_LITERAL_NULL_CONVERSION = YES;
				CLANG_WARN_OBJC_IMPLICIT_RETAIN_SELF = YES;
				CLANG_WARN_OBJC_LITERAL_CONVERSION = YES;
				CLANG_WARN_OBJC_ROOT_CLASS = YES_ERROR;
				CLANG_WARN_QUOTED_INCLUDE_IN_FRAMEWORK_HEADER = YES;
				CLANG_WARN_RANGE_LOOP_ANALYSIS = YES;
				CLANG_WARN_STRICT_PROTOTYPES = YES;
				CLANG_WARN_SUSPICIOUS_MOVE = YES;
				CLANG_WARN_UNGUARDED_AVAILABILITY = YES_AGGRESSIVE;
				CLANG_WARN_UNREACHABLE_CODE = YES;
				CLANG_WARN__DUPLICATE_METHOD_MATCH = YES;
				COPY_PHASE_STRIP = NO;
				DEBUG_INFORMATION_FORMAT = dwarf;
				ENABLE_STRICT_OBJC_MSGSEND = YES;
				ENABLE_TESTABILITY = YES;
				GCC_C_LANGUAGE_STANDARD = gnu11;
				GCC_DYNAMIC_NO_PIC = NO;
				GCC_NO_COMMON_BLOCKS = YES;
				GCC_OPTIMIZATION_LEVEL = 0;
				GCC_PREPROCESSOR_DEFINITIONS = (
					"DEBUG=1",
					"$(inherited)",
				);
				GCC_WARN_64_TO_32_BIT_CONVERSION = YES;
				GCC_WARN_ABOUT_RETURN_TYPE = YES_ERROR;
				GCC_WARN_UNDECLARED_SELECTOR = YES;
				GCC_WARN_UNINITIALIZED_AUTOS = YES_AGGRESSIVE;
				GCC_WARN_UNUSED_FUNCTION = YES;
				GCC_WARN_UNUSED_VARIABLE = YES;
				IPHONEOS_DEPLOYMENT_TARGET = 15.5;
				MTL_ENABLE_DEBUG_INFO = INCLUDE_SOURCE;
				MTL_FAST_MATH = YES;
				ONLY_ACTIVE_ARCH = YES;
				SDKROOT = iphoneos;
				SWIFT_ACTIVE_COMPILATION_CONDITIONS = DEBUG;
				SWIFT_OPTIMIZATION_LEVEL = "-Onone";
			};
			name = Debug;
		};
		4B15B3042A15305A004FD180 /* Release */ = {
			isa = XCBuildConfiguration;
			buildSettings = {
				ALWAYS_SEARCH_USER_PATHS = NO;
				CLANG_ANALYZER_NONNULL = YES;
				CLANG_ANALYZER_NUMBER_OBJECT_CONVERSION = YES_AGGRESSIVE;
				CLANG_CXX_LANGUAGE_STANDARD = "gnu++17";
				CLANG_ENABLE_MODULES = YES;
				CLANG_ENABLE_OBJC_ARC = YES;
				CLANG_ENABLE_OBJC_WEAK = YES;
				CLANG_WARN_BLOCK_CAPTURE_AUTORELEASING = YES;
				CLANG_WARN_BOOL_CONVERSION = YES;
				CLANG_WARN_COMMA = YES;
				CLANG_WARN_CONSTANT_CONVERSION = YES;
				CLANG_WARN_DEPRECATED_OBJC_IMPLEMENTATIONS = YES;
				CLANG_WARN_DIRECT_OBJC_ISA_USAGE = YES_ERROR;
				CLANG_WARN_DOCUMENTATION_COMMENTS = YES;
				CLANG_WARN_EMPTY_BODY = YES;
				CLANG_WARN_ENUM_CONVERSION = YES;
				CLANG_WARN_INFINITE_RECURSION = YES;
				CLANG_WARN_INT_CONVERSION = YES;
				CLANG_WARN_NON_LITERAL_NULL_CONVERSION = YES;
				CLANG_WARN_OBJC_IMPLICIT_RETAIN_SELF = YES;
				CLANG_WARN_OBJC_LITERAL_CONVERSION = YES;
				CLANG_WARN_OBJC_ROOT_CLASS = YES_ERROR;
				CLANG_WARN_QUOTED_INCLUDE_IN_FRAMEWORK_HEADER = YES;
				CLANG_WARN_RANGE_LOOP_ANALYSIS = YES;
				CLANG_WARN_STRICT_PROTOTYPES = YES;
				CLANG_WARN_SUSPICIOUS_MOVE = YES;
				CLANG_WARN_UNGUARDED_AVAILABILITY = YES_AGGRESSIVE;
				CLANG_WARN_UNREACHABLE_CODE = YES;
				CLANG_WARN__DUPLICATE_METHOD_MATCH = YES;
				COPY_PHASE_STRIP = NO;
				DEBUG_INFORMATION_FORMAT = "dwarf-with-dsym";
				ENABLE_NS_ASSERTIONS = NO;
				ENABLE_STRICT_OBJC_MSGSEND = YES;
				GCC_C_LANGUAGE_STANDARD = gnu11;
				GCC_NO_COMMON_BLOCKS = YES;
				GCC_WARN_64_TO_32_BIT_CONVERSION = YES;
				GCC_WARN_ABOUT_RETURN_TYPE = YES_ERROR;
				GCC_WARN_UNDECLARED_SELECTOR = YES;
				GCC_WARN_UNINITIALIZED_AUTOS = YES_AGGRESSIVE;
				GCC_WARN_UNUSED_FUNCTION = YES;
				GCC_WARN_UNUSED_VARIABLE = YES;
				IPHONEOS_DEPLOYMENT_TARGET = 15.5;
				MTL_ENABLE_DEBUG_INFO = NO;
				MTL_FAST_MATH = YES;
				SDKROOT = iphoneos;
				SWIFT_COMPILATION_MODE = wholemodule;
				SWIFT_OPTIMIZATION_LEVEL = "-O";
				VALIDATE_PRODUCT = YES;
			};
			name = Release;
		};
		4B15B3062A15305A004FD180 /* Debug */ = {
			isa = XCBuildConfiguration;
			buildSettings = {
				ASSETCATALOG_COMPILER_APPICON_NAME = AppIcon;
				ASSETCATALOG_COMPILER_GLOBAL_ACCENT_COLOR_NAME = AccentColor;
				CODE_SIGN_STYLE = Automatic;
				CURRENT_PROJECT_VERSION = 1;
				GENERATE_INFOPLIST_FILE = YES;
				INFOPLIST_FILE = LaquiseColeccionDeJuegos/Info.plist;
				INFOPLIST_KEY_UIApplicationSupportsIndirectInputEvents = YES;
				INFOPLIST_KEY_UILaunchStoryboardName = LaunchScreen;
				INFOPLIST_KEY_UIMainStoryboardFile = Main;
				INFOPLIST_KEY_UISupportedInterfaceOrientations_iPad = "UIInterfaceOrientationPortrait UIInterfaceOrientationPortraitUpsideDown UIInterfaceOrientationLandscapeLeft UIInterfaceOrientationLandscapeRight";
				INFOPLIST_KEY_UISupportedInterfaceOrientations_iPhone = "UIInterfaceOrientationPortrait UIInterfaceOrientationLandscapeLeft UIInterfaceOrientationLandscapeRight";
				LD_RUNPATH_SEARCH_PATHS = (
					"$(inherited)",
					"@executable_path/Frameworks",
				);
				MARKETING_VERSION = 1.0;
				PRODUCT_BUNDLE_IDENTIFIER = deah.com.LaquiseColeccionDeJuegos;
				PRODUCT_NAME = "$(TARGET_NAME)";
				SWIFT_EMIT_LOC_STRINGS = YES;
				SWIFT_VERSION = 5.0;
				TARGETED_DEVICE_FAMILY = "1,2";
			};
			name = Debug;
		};
		4B15B3072A15305A004FD180 /* Release */ = {
			isa = XCBuildConfiguration;
			buildSettings = {
				ASSETCATALOG_COMPILER_APPICON_NAME = AppIcon;
				ASSETCATALOG_COMPILER_GLOBAL_ACCENT_COLOR_NAME = AccentColor;
				CODE_SIGN_STYLE = Automatic;
				CURRENT_PROJECT_VERSION = 1;
				GENERATE_INFOPLIST_FILE = YES;
				INFOPLIST_FILE = LaquiseColeccionDeJuegos/Info.plist;
				INFOPLIST_KEY_UIApplicationSupportsIndirectInputEvents = YES;
				INFOPLIST_KEY_UILaunchStoryboardName = LaunchScreen;
				INFOPLIST_KEY_UIMainStoryboardFile = Main;
				INFOPLIST_KEY_UISupportedInterfaceOrientations_iPad = "UIInterfaceOrientationPortrait UIInterfaceOrientationPortraitUpsideDown UIInterfaceOrientationLandscapeLeft UIInterfaceOrientationLandscapeRight";
				INFOPLIST_KEY_UISupportedInterfaceOrientations_iPhone = "UIInterfaceOrientationPortrait UIInterfaceOrientationLandscapeLeft UIInterfaceOrientationLandscapeRight";
				LD_RUNPATH_SEARCH_PATHS = (
					"$(inherited)",
					"@executable_path/Frameworks",
				);
				MARKETING_VERSION = 1.0;
				PRODUCT_BUNDLE_IDENTIFIER = deah.com.LaquiseColeccionDeJuegos;
				PRODUCT_NAME = "$(TARGET_NAME)";
				SWIFT_EMIT_LOC_STRINGS = YES;
				SWIFT_VERSION = 5.0;
				TARGETED_DEVICE_FAMILY = "1,2";
			};
			name = Release;
		};
/* End XCBuildConfiguration section */

/* Begin XCConfigurationList section */
		4B15B2E92A15305A004FD180 /* Build configuration list for PBXProject "LaquiseColeccionDeJuegos" */ = {
			isa = XCConfigurationList;
			buildConfigurations = (
				4B15B3032A15305A004FD180 /* Debug */,
				4B15B3042A15305A004FD180 /* Release */,
			);
			defaultConfigurationIsVisible = 0;
			defaultConfigurationName = Release;
		};
		4B15B3052A15305A004FD180 /* Build configuration list for PBXNativeTarget "LaquiseColeccionDeJuegos" */ = {
			isa = XCConfigurationList;
			buildConfigurations = (
				4B15B3062A15305A004FD180 /* Debug */,
				4B15B3072A15305A004FD180 /* Release */,
			);
			defaultConfigurationIsVisible = 0;
			defaultConfigurationName = Release;
		};
/* End XCConfigurationList section */

/* Begin XCVersionGroup section */
		4B15B2FA2A15305A004FD180 /* LaquiseColeccionDeJuegos.xcdatamodeld */ = {
			isa = XCVersionGroup;
			children = (
				4B15B2FB2A15305A004FD180 /* LaquiseColeccionDeJuegos.xcdatamodel */,
			);
			currentVersion = 4B15B2FB2A15305A004FD180 /* LaquiseColeccionDeJuegos.xcdatamodel */;
			path = LaquiseColeccionDeJuegos.xcdatamodeld;
			sourceTree = "<group>";
			versionGroupType = wrapper.xcdatamodel;
		};
/* End XCVersionGroup section */
	};
	rootObject = 4B15B2E62A15305A004FD180 /* Project object */;
}
